
Microsoft Visual Studio Solution File, Format Version 11.00
# Visual Studio 2010
Project("{FAE04EC0-301F-11D3-BF4B-00C04F79EFBC}") = "Assembly-CSharp", "Assembly-CSharp.csproj", "{D9834497-5A3A-7D73-463C-28474741438C}"
EndProject
Project("{FAE04EC0-301F-11D3-BF4B-00C04F79EFBC}") = "Assembly-CSharp-Editor", "Assembly-CSharp-Editor.csproj", "{CAE3AE9F-8292-7E4B-44E9-F53A7855A6FC}"
EndProject
Global
	GlobalSection(SolutionConfigurationPlatforms) = preSolution
		Debug|Any CPU = Debug|Any CPU
		Release|Any CPU = Release|Any CPU
	EndGlobalSection
	GlobalSection(ProjectConfigurationPlatforms) = postSolution
		{D9834497-5A3A-7D73-463C-28474741438C}.Debug|Any CPU.ActiveCfg = Debug|Any CPU
		{D9834497-5A3A-7D73-463C-28474741438C}.Debug|Any CPU.Build.0 = Debug|Any CPU
		{D9834497-5A3A-7D73-463C-28474741438C}.Release|Any CPU.ActiveCfg = Release|Any CPU
		{D9834497-5A3A-7D73-463C-28474741438C}.Release|Any CPU.Build.0 = Release|Any CPU
		{CAE3AE9F-8292-7E4B-44E9-F53A7855A6FC}.Debug|Any CPU.ActiveCfg = Debug|Any CPU
		{CAE3AE9F-8292-7E4B-44E9-F53A7855A6FC}.Debug|Any CPU.Build.0 = Debug|Any CPU
		{CAE3AE9F-8292-7E4B-44E9-F53A7855A6FC}.Release|Any CPU.ActiveCfg = Release|Any CPU
		{CAE3AE9F-8292-7E4B-44E9-F53A7855A6FC}.Release|Any CPU.Build.0 = Release|Any CPU
	EndGlobalSection
	GlobalSection(SolutionProperties) = preSolution
		HideSolutionNode = FALSE
	EndGlobalSection
EndGlobal
