
Microsoft Visual Studio Solution File, Format Version 11.00
# Visual Studio 2010
Project("{FAE04EC0-301F-11D3-BF4B-00C04F79EFBC}") = "Assembly-CSharp", "Assembly-CSharp.csproj", "{974483d9-3a5a-737d-463c-28474741438c}"
EndProject
Project("{FAE04EC0-301F-11D3-BF4B-00C04F79EFBC}") = "Assembly-CSharp-Editor", "Assembly-CSharp-Editor.csproj", "{9faee3ca-9282-4b7e-44e9-f53a7855a6fc}"
EndProject
Global
	GlobalSection(SolutionConfigurationPlatforms) = preSolution
		Debug|Any CPU = Debug|Any CPU
	EndGlobalSection
	GlobalSection(ProjectConfigurationPlatforms) = postSolution
		{974483d9-3a5a-737d-463c-28474741438c}.Debug|Any CPU.ActiveCfg = Debug|Any CPU
		{974483d9-3a5a-737d-463c-28474741438c}.Debug|Any CPU.Build.0 = Debug|Any CPU
		{9faee3ca-9282-4b7e-44e9-f53a7855a6fc}.Debug|Any CPU.ActiveCfg = Debug|Any CPU
		{9faee3ca-9282-4b7e-44e9-f53a7855a6fc}.Debug|Any CPU.Build.0 = Debug|Any CPU
	EndGlobalSection
	GlobalSection(SolutionProperties) = preSolution
		HideSolutionNode = FALSE
	EndGlobalSection
EndGlobal
