
Microsoft Visual Studio Solution File, Format Version 11.00
# Visual Studio 2010
Project("{FAE04EC0-301F-11D3-BF4B-00C04F79EFBC}") = "Assembly-CSharp", "Assembly-CSharp.csproj", "{176cbe38-4c50-522d-cd00-7a7c57b0db64}"
EndProject
Project("{FAE04EC0-301F-11D3-BF4B-00C04F79EFBC}") = "Assembly-CSharp-Editor", "Assembly-CSharp-Editor.csproj", "{2dc8c35f-5a3e-7f89-6517-86d2e6a07b5c}"
EndProject
Global
	GlobalSection(SolutionConfigurationPlatforms) = preSolution
		Debug|Any CPU = Debug|Any CPU
	EndGlobalSection
	GlobalSection(ProjectConfigurationPlatforms) = postSolution
		{176cbe38-4c50-522d-cd00-7a7c57b0db64}.Debug|Any CPU.ActiveCfg = Debug|Any CPU
		{176cbe38-4c50-522d-cd00-7a7c57b0db64}.Debug|Any CPU.Build.0 = Debug|Any CPU
		{2dc8c35f-5a3e-7f89-6517-86d2e6a07b5c}.Debug|Any CPU.ActiveCfg = Debug|Any CPU
		{2dc8c35f-5a3e-7f89-6517-86d2e6a07b5c}.Debug|Any CPU.Build.0 = Debug|Any CPU
	EndGlobalSection
	GlobalSection(SolutionProperties) = preSolution
		HideSolutionNode = FALSE
	EndGlobalSection
EndGlobal
